
Microsoft Visual Studio Solution File, Format Version 12.00
# Visual Studio 14
VisualStudioVersion = 14.0.24720.0
MinimumVisualStudioVersion = 10.0.40219.1
Project("{FAE04EC0-301F-11D3-BF4B-00C04F79EFBC}") = "ControleHorasExtras", "ControleHorasExtras\ControleHorasExtras.csproj", "{07A4EBD2-0EA8-4395-B4C2-6909D19A0565}"
EndProject
Global
	GlobalSection(SolutionConfigurationPlatforms) = preSolution
		Debug|Any CPU = Debug|Any CPU
		Release|Any CPU = Release|Any CPU
	EndGlobalSection
	GlobalSection(ProjectConfigurationPlatforms) = postSolution
		{07A4EBD2-0EA8-4395-B4C2-6909D19A0565}.Debug|Any CPU.ActiveCfg = Debug|Any CPU
		{07A4EBD2-0EA8-4395-B4C2-6909D19A0565}.Debug|Any CPU.Build.0 = Debug|Any CPU
		{07A4EBD2-0EA8-4395-B4C2-6909D19A0565}.Release|Any CPU.ActiveCfg = Release|Any CPU
		{07A4EBD2-0EA8-4395-B4C2-6909D19A0565}.Release|Any CPU.Build.0 = Release|Any CPU
	EndGlobalSection
	GlobalSection(SolutionProperties) = preSolution
		HideSolutionNode = FALSE
	EndGlobalSection
EndGlobal
